
Microsoft Visual Studio Solution File, Format Version 12.00
# Visual Studio Version 16
VisualStudioVersion = 16.0.30907.101
MinimumVisualStudioVersion = 10.0.40219.1
Project("{9A19103F-16F7-4668-BE54-9A1E7A4F7556}") = "OnboardingSIGDB1.API", "OnboardingSIGDB1.API\OnboardingSIGDB1.API.csproj", "{D2BF8308-877D-4256-8AB3-6484EFF94686}"
EndProject
Project("{2150E333-8FDC-42A3-9474-1A3956D46DE8}") = "1 - Distribuid Services", "1 - Distribuid Services", "{7315F4EA-1C06-4F9B-BE8C-C3BC9759B64B}"
EndProject
Project("{2150E333-8FDC-42A3-9474-1A3956D46DE8}") = "3 - Domain", "3 - Domain", "{404177B6-A0FD-4A6E-8BC7-E5C8DC12ACB2}"
EndProject
Project("{2150E333-8FDC-42A3-9474-1A3956D46DE8}") = "4 - Data", "4 - Data", "{2F9FEEE9-E6AD-43C7-B7D9-F0881B5B31E1}"
EndProject
Project("{2150E333-8FDC-42A3-9474-1A3956D46DE8}") = "5 - Infrastructure", "5 - Infrastructure", "{178834B0-F733-4218-8CCB-75488731FC9A}"
EndProject
Project("{2150E333-8FDC-42A3-9474-1A3956D46DE8}") = "2 - Application", "2 - Application", "{A29F7050-16C7-4F1F-B8C5-5C949E840A16}"
EndProject
Project("{9A19103F-16F7-4668-BE54-9A1E7A4F7556}") = "OnboardingSIGDB1.Domain.Tests", "OnboardingSIGDB1.Domain.Tests\OnboardingSIGDB1.Domain.Tests.csproj", "{2096FB96-AFD9-4339-B741-8BC43419894D}"
EndProject
Project("{FAE04EC0-301F-11D3-BF4B-00C04F79EFBC}") = "OnboardingSIGDB1.Application", "OnboardingSIGDB1.Application\OnboardingSIGDB1.Application.csproj", "{B01BFFBC-1E78-400F-A657-25B78639D6E2}"
EndProject
Project("{FAE04EC0-301F-11D3-BF4B-00C04F79EFBC}") = "OnboardingSIGDB1.Domain", "OnboardingSIGDB1.Domain\OnboardingSIGDB1.Domain.csproj", "{9B898DD8-D443-4EF5-89BC-2CC174E6D5EA}"
EndProject
Global
	GlobalSection(SolutionConfigurationPlatforms) = preSolution
		Debug|Any CPU = Debug|Any CPU
		Release|Any CPU = Release|Any CPU
	EndGlobalSection
	GlobalSection(ProjectConfigurationPlatforms) = postSolution
		{D2BF8308-877D-4256-8AB3-6484EFF94686}.Debug|Any CPU.ActiveCfg = Debug|Any CPU
		{D2BF8308-877D-4256-8AB3-6484EFF94686}.Debug|Any CPU.Build.0 = Debug|Any CPU
		{D2BF8308-877D-4256-8AB3-6484EFF94686}.Release|Any CPU.ActiveCfg = Release|Any CPU
		{D2BF8308-877D-4256-8AB3-6484EFF94686}.Release|Any CPU.Build.0 = Release|Any CPU
		{2096FB96-AFD9-4339-B741-8BC43419894D}.Debug|Any CPU.ActiveCfg = Debug|Any CPU
		{2096FB96-AFD9-4339-B741-8BC43419894D}.Debug|Any CPU.Build.0 = Debug|Any CPU
		{2096FB96-AFD9-4339-B741-8BC43419894D}.Release|Any CPU.ActiveCfg = Release|Any CPU
		{2096FB96-AFD9-4339-B741-8BC43419894D}.Release|Any CPU.Build.0 = Release|Any CPU
		{B01BFFBC-1E78-400F-A657-25B78639D6E2}.Debug|Any CPU.ActiveCfg = Debug|Any CPU
		{B01BFFBC-1E78-400F-A657-25B78639D6E2}.Debug|Any CPU.Build.0 = Debug|Any CPU
		{B01BFFBC-1E78-400F-A657-25B78639D6E2}.Release|Any CPU.ActiveCfg = Release|Any CPU
		{B01BFFBC-1E78-400F-A657-25B78639D6E2}.Release|Any CPU.Build.0 = Release|Any CPU
		{9B898DD8-D443-4EF5-89BC-2CC174E6D5EA}.Debug|Any CPU.ActiveCfg = Debug|Any CPU
		{9B898DD8-D443-4EF5-89BC-2CC174E6D5EA}.Debug|Any CPU.Build.0 = Debug|Any CPU
		{9B898DD8-D443-4EF5-89BC-2CC174E6D5EA}.Release|Any CPU.ActiveCfg = Release|Any CPU
		{9B898DD8-D443-4EF5-89BC-2CC174E6D5EA}.Release|Any CPU.Build.0 = Release|Any CPU
	EndGlobalSection
	GlobalSection(SolutionProperties) = preSolution
		HideSolutionNode = FALSE
	EndGlobalSection
	GlobalSection(NestedProjects) = preSolution
		{D2BF8308-877D-4256-8AB3-6484EFF94686} = {7315F4EA-1C06-4F9B-BE8C-C3BC9759B64B}
		{2096FB96-AFD9-4339-B741-8BC43419894D} = {404177B6-A0FD-4A6E-8BC7-E5C8DC12ACB2}
		{B01BFFBC-1E78-400F-A657-25B78639D6E2} = {A29F7050-16C7-4F1F-B8C5-5C949E840A16}
		{9B898DD8-D443-4EF5-89BC-2CC174E6D5EA} = {404177B6-A0FD-4A6E-8BC7-E5C8DC12ACB2}
	EndGlobalSection
	GlobalSection(ExtensibilityGlobals) = postSolution
		SolutionGuid = {7C1D18A1-68D9-4CBA-9FA5-0FCF9180956B}
	EndGlobalSection
EndGlobal
